// !$*UTF8*$!
{
	archiveVersion = 1;
	classes = {
	};
	objectVersion = 46;
	objects = {

/* Begin PBXBuildFile section */
		457ECD4A1E9F2B510013679F /* AppDelegate.swift in Sources */ = {isa = PBXBuildFile; fileRef = 457ECD491E9F2B510013679F /* AppDelegate.swift */; };
		457ECD4C1E9F2B510013679F /* ViewController.swift in Sources */ = {isa = PBXBuildFile; fileRef = 457ECD4B1E9F2B510013679F /* ViewController.swift */; };
		457ECD4F1E9F2B510013679F /* Main.storyboard in Resources */ = {isa = PBXBuildFile; fileRef = 457ECD4D1E9F2B510013679F /* Main.storyboard */; };
		457ECD521E9F2B510013679F /* Modus.xcdatamodeld in Sources */ = {isa = PBXBuildFile; fileRef = 457ECD501E9F2B510013679F /* Modus.xcdatamodeld */; };
		457ECD541E9F2B510013679F /* Assets.xcassets in Resources */ = {isa = PBXBuildFile; fileRef = 457ECD531E9F2B510013679F /* Assets.xcassets */; };
		457ECD571E9F2B510013679F /* LaunchScreen.storyboard in Resources */ = {isa = PBXBuildFile; fileRef = 457ECD551E9F2B510013679F /* LaunchScreen.storyboard */; };
		457ECD621E9F2B510013679F /* ModusTests.swift in Sources */ = {isa = PBXBuildFile; fileRef = 457ECD611E9F2B510013679F /* ModusTests.swift */; };
		457ECD6D1E9F2B510013679F /* ModusUITests.swift in Sources */ = {isa = PBXBuildFile; fileRef = 457ECD6C1E9F2B510013679F /* ModusUITests.swift */; };
/* End PBXBuildFile section */

/* Begin PBXContainerItemProxy section */
		457ECD5E1E9F2B510013679F /* PBXContainerItemProxy */ = {
			isa = PBXContainerItemProxy;
			containerPortal = 457ECD3E1E9F2B510013679F /* Project object */;
			proxyType = 1;
			remoteGlobalIDString = 457ECD451E9F2B510013679F;
			remoteInfo = Modus;
		};
		457ECD691E9F2B510013679F /* PBXContainerItemProxy */ = {
			isa = PBXContainerItemProxy;
			containerPortal = 457ECD3E1E9F2B510013679F /* Project object */;
			proxyType = 1;
			remoteGlobalIDString = 457ECD451E9F2B510013679F;
			remoteInfo = Modus;
		};
/* End PBXContainerItemProxy section */

/* Begin PBXFileReference section */
		457ECD461E9F2B510013679F /* Modus.app */ = {isa = PBXFileReference; explicitFileType = wrapper.application; includeInIndex = 0; path = Modus.app; sourceTree = BUILT_PRODUCTS_DIR; };
		457ECD491E9F2B510013679F /* AppDelegate.swift */ = {isa = PBXFileReference; lastKnownFileType = sourcecode.swift; path = AppDelegate.swift; sourceTree = "<group>"; };
		457ECD4B1E9F2B510013679F /* ViewController.swift */ = {isa = PBXFileReference; lastKnownFileType = sourcecode.swift; path = ViewController.swift; sourceTree = "<group>"; };
		457ECD4E1E9F2B510013679F /* Base */ = {isa = PBXFileReference; lastKnownFileType = file.storyboard; name = Base; path = Base.lproj/Main.storyboard; sourceTree = "<group>"; };
		457ECD511E9F2B510013679F /* Modus.xcdatamodel */ = {isa = PBXFileReference; lastKnownFileType = wrapper.xcdatamodel; path = Modus.xcdatamodel; sourceTree = "<group>"; };
		457ECD531E9F2B510013679F /* Assets.xcassets */ = {isa = PBXFileReference; lastKnownFileType = folder.assetcatalog; path = Assets.xcassets; sourceTree = "<group>"; };
		457ECD561E9F2B510013679F /* Base */ = {isa = PBXFileReference; lastKnownFileType = file.storyboard; name = Base; path = Base.lproj/LaunchScreen.storyboard; sourceTree = "<group>"; };
		457ECD581E9F2B510013679F /* Info.plist */ = {isa = PBXFileReference; lastKnownFileType = text.plist.xml; path = Info.plist; sourceTree = "<group>"; };
		457ECD5D1E9F2B510013679F /* ModusTests.xctest */ = {isa = PBXFileReference; explicitFileType = wrapper.cfbundle; includeInIndex = 0; path = ModusTests.xctest; sourceTree = BUILT_PRODUCTS_DIR; };
		457ECD611E9F2B510013679F /* ModusTests.swift */ = {isa = PBXFileReference; lastKnownFileType = sourcecode.swift; path = ModusTests.swift; sourceTree = "<group>"; };
		457ECD631E9F2B510013679F /* Info.plist */ = {isa = PBXFileReference; lastKnownFileType = text.plist.xml; path = Info.plist; sourceTree = "<group>"; };
		457ECD681E9F2B510013679F /* ModusUITests.xctest */ = {isa = PBXFileReference; explicitFileType = wrapper.cfbundle; includeInIndex = 0; path = ModusUITests.xctest; sourceTree = BUILT_PRODUCTS_DIR; };
		457ECD6C1E9F2B510013679F /* ModusUITests.swift */ = {isa = PBXFileReference; lastKnownFileType = sourcecode.swift; path = ModusUITests.swift; sourceTree = "<group>"; };
		457ECD6E1E9F2B510013679F /* Info.plist */ = {isa = PBXFileReference; lastKnownFileType = text.plist.xml; path = Info.plist; sourceTree = "<group>"; };
/* End PBXFileReference section */

/* Begin PBXFrameworksBuildPhase section */
		457ECD431E9F2B510013679F /* Frameworks */ = {
			isa = PBXFrameworksBuildPhase;
			buildActionMask = 2147483647;
			files = (
			);
			runOnlyForDeploymentPostprocessing = 0;
		};
		457ECD5A1E9F2B510013679F /* Frameworks */ = {
			isa = PBXFrameworksBuildPhase;
			buildActionMask = 2147483647;
			files = (
			);
			runOnlyForDeploymentPostprocessing = 0;
		};
		457ECD651E9F2B510013679F /* Frameworks */ = {
			isa = PBXFrameworksBuildPhase;
			buildActionMask = 2147483647;
			files = (
			);
			runOnlyForDeploymentPostprocessing = 0;
		};
/* End PBXFrameworksBuildPhase section */

/* Begin PBXGroup section */
		457ECD3D1E9F2B510013679F = {
			isa = PBXGroup;
			children = (
				457ECD481E9F2B510013679F /* Modus */,
				457ECD601E9F2B510013679F /* ModusTests */,
				457ECD6B1E9F2B510013679F /* ModusUITests */,
				457ECD471E9F2B510013679F /* Products */,
			);
			sourceTree = "<group>";
		};
		457ECD471E9F2B510013679F /* Products */ = {
			isa = PBXGroup;
			children = (
				457ECD461E9F2B510013679F /* Modus.app */,
				457ECD5D1E9F2B510013679F /* ModusTests.xctest */,
				457ECD681E9F2B510013679F /* ModusUITests.xctest */,
			);
			name = Products;
			sourceTree = "<group>";
		};
		457ECD481E9F2B510013679F /* Modus */ = {
			isa = PBXGroup;
			children = (
				457ECD491E9F2B510013679F /* AppDelegate.swift */,
				457ECD4B1E9F2B510013679F /* ViewController.swift */,
				457ECD4D1E9F2B510013679F /* Main.storyboard */,
				457ECD531E9F2B510013679F /* Assets.xcassets */,
				457ECD551E9F2B510013679F /* LaunchScreen.storyboard */,
				457ECD581E9F2B510013679F /* Info.plist */,
				457ECD501E9F2B510013679F /* Modus.xcdatamodeld */,
			);
			path = Modus;
			sourceTree = "<group>";
		};
		457ECD601E9F2B510013679F /* ModusTests */ = {
			isa = PBXGroup;
			children = (
				457ECD611E9F2B510013679F /* ModusTests.swift */,
				457ECD631E9F2B510013679F /* Info.plist */,
			);
			path = ModusTests;
			sourceTree = "<group>";
		};
		457ECD6B1E9F2B510013679F /* ModusUITests */ = {
			isa = PBXGroup;
			children = (
				457ECD6C1E9F2B510013679F /* ModusUITests.swift */,
				457ECD6E1E9F2B510013679F /* Info.plist */,
			);
			path = ModusUITests;
			sourceTree = "<group>";
		};
/* End PBXGroup section */

/* Begin PBXNativeTarget section */
		457ECD451E9F2B510013679F /* Modus */ = {
			isa = PBXNativeTarget;
			buildConfigurationList = 457ECD711E9F2B510013679F /* Build configuration list for PBXNativeTarget "Modus" */;
			buildPhases = (
				457ECD421E9F2B510013679F /* Sources */,
				457ECD431E9F2B510013679F /* Frameworks */,
				457ECD441E9F2B510013679F /* Resources */,
			);
			buildRules = (
			);
			dependencies = (
			);
			name = Modus;
			productName = Modus;
			productReference = 457ECD461E9F2B510013679F /* Modus.app */;
			productType = "com.apple.product-type.application";
		};
		457ECD5C1E9F2B510013679F /* ModusTests */ = {
			isa = PBXNativeTarget;
			buildConfigurationList = 457ECD741E9F2B510013679F /* Build configuration list for PBXNativeTarget "ModusTests" */;
			buildPhases = (
				457ECD591E9F2B510013679F /* Sources */,
				457ECD5A1E9F2B510013679F /* Frameworks */,
				457ECD5B1E9F2B510013679F /* Resources */,
			);
			buildRules = (
			);
			dependencies = (
				457ECD5F1E9F2B510013679F /* PBXTargetDependency */,
			);
			name = ModusTests;
			productName = ModusTests;
			productReference = 457ECD5D1E9F2B510013679F /* ModusTests.xctest */;
			productType = "com.apple.product-type.bundle.unit-test";
		};
		457ECD671E9F2B510013679F /* ModusUITests */ = {
			isa = PBXNativeTarget;
			buildConfigurationList = 457ECD771E9F2B510013679F /* Build configuration list for PBXNativeTarget "ModusUITests" */;
			buildPhases = (
				457ECD641E9F2B510013679F /* Sources */,
				457ECD651E9F2B510013679F /* Frameworks */,
				457ECD661E9F2B510013679F /* Resources */,
			);
			buildRules = (
			);
			dependencies = (
				457ECD6A1E9F2B510013679F /* PBXTargetDependency */,
			);
			name = ModusUITests;
			productName = ModusUITests;
			productReference = 457ECD681E9F2B510013679F /* ModusUITests.xctest */;
			productType = "com.apple.product-type.bundle.ui-testing";
		};
/* End PBXNativeTarget section */

/* Begin PBXProject section */
		457ECD3E1E9F2B510013679F /* Project object */ = {
			isa = PBXProject;
			attributes = {
				LastSwiftUpdateCheck = 0830;
				LastUpgradeCheck = 0830;
				ORGANIZATIONNAME = "Colum Cross";
				TargetAttributes = {
					457ECD451E9F2B510013679F = {
						CreatedOnToolsVersion = 8.3.1;
						DevelopmentTeam = 733JUNWEG4;
						ProvisioningStyle = Automatic;
					};
					457ECD5C1E9F2B510013679F = {
						CreatedOnToolsVersion = 8.3.1;
						DevelopmentTeam = 733JUNWEG4;
						ProvisioningStyle = Automatic;
						TestTargetID = 457ECD451E9F2B510013679F;
					};
					457ECD671E9F2B510013679F = {
						CreatedOnToolsVersion = 8.3.1;
						DevelopmentTeam = 733JUNWEG4;
						ProvisioningStyle = Automatic;
						TestTargetID = 457ECD451E9F2B510013679F;
					};
				};
			};
			buildConfigurationList = 457ECD411E9F2B510013679F /* Build configuration list for PBXProject "Modus" */;
			compatibilityVersion = "Xcode 3.2";
			developmentRegion = English;
			hasScannedForEncodings = 0;
			knownRegions = (
				en,
				Base,
			);
			mainGroup = 457ECD3D1E9F2B510013679F;
			productRefGroup = 457ECD471E9F2B510013679F /* Products */;
			projectDirPath = "";
			projectRoot = "";
			targets = (
				457ECD451E9F2B510013679F /* Modus */,
				457ECD5C1E9F2B510013679F /* ModusTests */,
				457ECD671E9F2B510013679F /* ModusUITests */,
			);
		};
/* End PBXProject section */

/* Begin PBXResourcesBuildPhase section */
		457ECD441E9F2B510013679F /* Resources */ = {
			isa = PBXResourcesBuildPhase;
			buildActionMask = 2147483647;
			files = (
				457ECD571E9F2B510013679F /* LaunchScreen.storyboard in Resources */,
				457ECD541E9F2B510013679F /* Assets.xcassets in Resources */,
				457ECD4F1E9F2B510013679F /* Main.storyboard in Resources */,
			);
			runOnlyForDeploymentPostprocessing = 0;
		};
		457ECD5B1E9F2B510013679F /* Resources */ = {
			isa = PBXResourcesBuildPhase;
			buildActionMask = 2147483647;
			files = (
			);
			runOnlyForDeploymentPostprocessing = 0;
		};
		457ECD661E9F2B510013679F /* Resources */ = {
			isa = PBXResourcesBuildPhase;
			buildActionMask = 2147483647;
			files = (
			);
			runOnlyForDeploymentPostprocessing = 0;
		};
/* End PBXResourcesBuildPhase section */

/* Begin PBXSourcesBuildPhase section */
		457ECD421E9F2B510013679F /* Sources */ = {
			isa = PBXSourcesBuildPhase;
			buildActionMask = 2147483647;
			files = (
				457ECD521E9F2B510013679F /* Modus.xcdatamodeld in Sources */,
				457ECD4C1E9F2B510013679F /* ViewController.swift in Sources */,
				457ECD4A1E9F2B510013679F /* AppDelegate.swift in Sources */,
			);
			runOnlyForDeploymentPostprocessing = 0;
		};
		457ECD591E9F2B510013679F /* Sources */ = {
			isa = PBXSourcesBuildPhase;
			buildActionMask = 2147483647;
			files = (
				457ECD621E9F2B510013679F /* ModusTests.swift in Sources */,
			);
			runOnlyForDeploymentPostprocessing = 0;
		};
		457ECD641E9F2B510013679F /* Sources */ = {
			isa = PBXSourcesBuildPhase;
			buildActionMask = 2147483647;
			files = (
				457ECD6D1E9F2B510013679F /* ModusUITests.swift in Sources */,
			);
			runOnlyForDeploymentPostprocessing = 0;
		};
/* End PBXSourcesBuildPhase section */

/* Begin PBXTargetDependency section */
		457ECD5F1E9F2B510013679F /* PBXTargetDependency */ = {
			isa = PBXTargetDependency;
			target = 457ECD451E9F2B510013679F /* Modus */;
			targetProxy = 457ECD5E1E9F2B510013679F /* PBXContainerItemProxy */;
		};
		457ECD6A1E9F2B510013679F /* PBXTargetDependency */ = {
			isa = PBXTargetDependency;
			target = 457ECD451E9F2B510013679F /* Modus */;
			targetProxy = 457ECD691E9F2B510013679F /* PBXContainerItemProxy */;
		};
/* End PBXTargetDependency section */

/* Begin PBXVariantGroup section */
		457ECD4D1E9F2B510013679F /* Main.storyboard */ = {
			isa = PBXVariantGroup;
			children = (
				457ECD4E1E9F2B510013679F /* Base */,
			);
			name = Main.storyboard;
			sourceTree = "<group>";
		};
		457ECD551E9F2B510013679F /* LaunchScreen.storyboard */ = {
			isa = PBXVariantGroup;
			children = (
				457ECD561E9F2B510013679F /* Base */,
			);
			name = LaunchScreen.storyboard;
			sourceTree = "<group>";
		};
/* End PBXVariantGroup section */

/* Begin XCBuildConfiguration section */
		457ECD6F1E9F2B510013679F /* Debug */ = {
			isa = XCBuildConfiguration;
			buildSettings = {
				ALWAYS_SEARCH_USER_PATHS = NO;
				CLANG_ANALYZER_NONNULL = YES;
				CLANG_ANALYZER_NUMBER_OBJECT_CONVERSION = YES_AGGRESSIVE;
				CLANG_CXX_LANGUAGE_STANDARD = "gnu++0x";
				CLANG_CXX_LIBRARY = "libc++";
				CLANG_ENABLE_MODULES = YES;
				CLANG_ENABLE_OBJC_ARC = YES;
				CLANG_WARN_BOOL_CONVERSION = YES;
				CLANG_WARN_CONSTANT_CONVERSION = YES;
				CLANG_WARN_DIRECT_OBJC_ISA_USAGE = YES_ERROR;
				CLANG_WARN_DOCUMENTATION_COMMENTS = YES;
				CLANG_WARN_EMPTY_BODY = YES;
				CLANG_WARN_ENUM_CONVERSION = YES;
				CLANG_WARN_INFINITE_RECURSION = YES;
				CLANG_WARN_INT_CONVERSION = YES;
				CLANG_WARN_OBJC_ROOT_CLASS = YES_ERROR;
				CLANG_WARN_SUSPICIOUS_MOVE = YES;
				CLANG_WARN_UNREACHABLE_CODE = YES;
				CLANG_WARN__DUPLICATE_METHOD_MATCH = YES;
				"CODE_SIGN_IDENTITY[sdk=iphoneos*]" = "iPhone Developer";
				COPY_PHASE_STRIP = NO;
				DEBUG_INFORMATION_FORMAT = dwarf;
				ENABLE_STRICT_OBJC_MSGSEND = YES;
				ENABLE_TESTABILITY = YES;
				GCC_C_LANGUAGE_STANDARD = gnu99;
				GCC_DYNAMIC_NO_PIC = NO;
				GCC_NO_COMMON_BLOCKS = YES;
				GCC_OPTIMIZATION_LEVEL = 0;
				GCC_PREPROCESSOR_DEFINITIONS = (
					"DEBUG=1",
					"$(inherited)",
				);
				GCC_WARN_64_TO_32_BIT_CONVERSION = YES;
				GCC_WARN_ABOUT_RETURN_TYPE = YES_ERROR;
				GCC_WARN_UNDECLARED_SELECTOR = YES;
				GCC_WARN_UNINITIALIZED_AUTOS = YES_AGGRESSIVE;
				GCC_WARN_UNUSED_FUNCTION = YES;
				GCC_WARN_UNUSED_VARIABLE = YES;
				IPHONEOS_DEPLOYMENT_TARGET = 10.3;
				MTL_ENABLE_DEBUG_INFO = YES;
				ONLY_ACTIVE_ARCH = YES;
				SDKROOT = iphoneos;
				SWIFT_ACTIVE_COMPILATION_CONDITIONS = DEBUG;
				SWIFT_OPTIMIZATION_LEVEL = "-Onone";
				TARGETED_DEVICE_FAMILY = "1,2";
			};
			name = Debug;
		};
		457ECD701E9F2B510013679F /* Release */ = {
			isa = XCBuildConfiguration;
			buildSettings = {
				ALWAYS_SEARCH_USER_PATHS = NO;
				CLANG_ANALYZER_NONNULL = YES;
				CLANG_ANALYZER_NUMBER_OBJECT_CONVERSION = YES_AGGRESSIVE;
				CLANG_CXX_LANGUAGE_STANDARD = "gnu++0x";
				CLANG_CXX_LIBRARY = "libc++";
				CLANG_ENABLE_MODULES = YES;
				CLANG_ENABLE_OBJC_ARC = YES;
				CLANG_WARN_BOOL_CONVERSION = YES;
				CLANG_WARN_CONSTANT_CONVERSION = YES;
				CLANG_WARN_DIRECT_OBJC_ISA_USAGE = YES_ERROR;
				CLANG_WARN_DOCUMENTATION_COMMENTS = YES;
				CLANG_WARN_EMPTY_BODY = YES;
				CLANG_WARN_ENUM_CONVERSION = YES;
				CLANG_WARN_INFINITE_RECURSION = YES;
				CLANG_WARN_INT_CONVERSION = YES;
				CLANG_WARN_OBJC_ROOT_CLASS = YES_ERROR;
				CLANG_WARN_SUSPICIOUS_MOVE = YES;
				CLANG_WARN_UNREACHABLE_CODE = YES;
				CLANG_WARN__DUPLICATE_METHOD_MATCH = YES;
				"CODE_SIGN_IDENTITY[sdk=iphoneos*]" = "iPhone Developer";
				COPY_PHASE_STRIP = NO;
				DEBUG_INFORMATION_FORMAT = "dwarf-with-dsym";
				ENABLE_NS_ASSERTIONS = NO;
				ENABLE_STRICT_OBJC_MSGSEND = YES;
				GCC_C_LANGUAGE_STANDARD = gnu99;
				GCC_NO_COMMON_BLOCKS = YES;
				GCC_WARN_64_TO_32_BIT_CONVERSION = YES;
				GCC_WARN_ABOUT_RETURN_TYPE = YES_ERROR;
				GCC_WARN_UNDECLARED_SELECTOR = YES;
				GCC_WARN_UNINITIALIZED_AUTOS = YES_AGGRESSIVE;
				GCC_WARN_UNUSED_FUNCTION = YES;
				GCC_WARN_UNUSED_VARIABLE = YES;
				IPHONEOS_DEPLOYMENT_TARGET = 10.3;
				MTL_ENABLE_DEBUG_INFO = NO;
				SDKROOT = iphoneos;
				SWIFT_OPTIMIZATION_LEVEL = "-Owholemodule";
				TARGETED_DEVICE_FAMILY = "1,2";
				VALIDATE_PRODUCT = YES;
			};
			name = Release;
		};
		457ECD721E9F2B510013679F /* Debug */ = {
			isa = XCBuildConfiguration;
			buildSettings = {
				ASSETCATALOG_COMPILER_APPICON_NAME = AppIcon;
				DEVELOPMENT_TEAM = 733JUNWEG4;
				INFOPLIST_FILE = Modus/Info.plist;
				LD_RUNPATH_SEARCH_PATHS = "$(inherited) @executable_path/Frameworks";
				PRODUCT_BUNDLE_IDENTIFIER = works.cole.Modus;
				PRODUCT_NAME = "$(TARGET_NAME)";
				SWIFT_VERSION = 3.0;
			};
			name = Debug;
		};
		457ECD731E9F2B510013679F /* Release */ = {
			isa = XCBuildConfiguration;
			buildSettings = {
				ASSETCATALOG_COMPILER_APPICON_NAME = AppIcon;
				DEVELOPMENT_TEAM = 733JUNWEG4;
				INFOPLIST_FILE = Modus/Info.plist;
				LD_RUNPATH_SEARCH_PATHS = "$(inherited) @executable_path/Frameworks";
				PRODUCT_BUNDLE_IDENTIFIER = works.cole.Modus;
				PRODUCT_NAME = "$(TARGET_NAME)";
				SWIFT_VERSION = 3.0;
			};
			name = Release;
		};
		457ECD751E9F2B510013679F /* Debug */ = {
			isa = XCBuildConfiguration;
			buildSettings = {
				ALWAYS_EMBED_SWIFT_STANDARD_LIBRARIES = YES;
				BUNDLE_LOADER = "$(TEST_HOST)";
				DEVELOPMENT_TEAM = 733JUNWEG4;
				INFOPLIST_FILE = ModusTests/Info.plist;
				LD_RUNPATH_SEARCH_PATHS = "$(inherited) @executable_path/Frameworks @loader_path/Frameworks";
				PRODUCT_BUNDLE_IDENTIFIER = works.cole.ModusTests;
				PRODUCT_NAME = "$(TARGET_NAME)";
				SWIFT_VERSION = 3.0;
				TEST_HOST = "$(BUILT_PRODUCTS_DIR)/Modus.app/Modus";
			};
			name = Debug;
		};
		457ECD761E9F2B510013679F /* Release */ = {
			isa = XCBuildConfiguration;
			buildSettings = {
				ALWAYS_EMBED_SWIFT_STANDARD_LIBRARIES = YES;
				BUNDLE_LOADER = "$(TEST_HOST)";
				DEVELOPMENT_TEAM = 733JUNWEG4;
				INFOPLIST_FILE = ModusTests/Info.plist;
				LD_RUNPATH_SEARCH_PATHS = "$(inherited) @executable_path/Frameworks @loader_path/Frameworks";
				PRODUCT_BUNDLE_IDENTIFIER = works.cole.ModusTests;
				PRODUCT_NAME = "$(TARGET_NAME)";
				SWIFT_VERSION = 3.0;
				TEST_HOST = "$(BUILT_PRODUCTS_DIR)/Modus.app/Modus";
			};
			name = Release;
		};
		457ECD781E9F2B510013679F /* Debug */ = {
			isa = XCBuildConfiguration;
			buildSettings = {
				ALWAYS_EMBED_SWIFT_STANDARD_LIBRARIES = YES;
				DEVELOPMENT_TEAM = 733JUNWEG4;
				INFOPLIST_FILE = ModusUITests/Info.plist;
				LD_RUNPATH_SEARCH_PATHS = "$(inherited) @executable_path/Frameworks @loader_path/Frameworks";
				PRODUCT_BUNDLE_IDENTIFIER = works.cole.ModusUITests;
				PRODUCT_NAME = "$(TARGET_NAME)";
				SWIFT_VERSION = 3.0;
				TEST_TARGET_NAME = Modus;
			};
			name = Debug;
		};
		457ECD791E9F2B510013679F /* Release */ = {
			isa = XCBuildConfiguration;
			buildSettings = {
				ALWAYS_EMBED_SWIFT_STANDARD_LIBRARIES = YES;
				DEVELOPMENT_TEAM = 733JUNWEG4;
				INFOPLIST_FILE = ModusUITests/Info.plist;
				LD_RUNPATH_SEARCH_PATHS = "$(inherited) @executable_path/Frameworks @loader_path/Frameworks";
				PRODUCT_BUNDLE_IDENTIFIER = works.cole.ModusUITests;
				PRODUCT_NAME = "$(TARGET_NAME)";
				SWIFT_VERSION = 3.0;
				TEST_TARGET_NAME = Modus;
			};
			name = Release;
		};
/* End XCBuildConfiguration section */

/* Begin XCConfigurationList section */
		457ECD411E9F2B510013679F /* Build configuration list for PBXProject "Modus" */ = {
			isa = XCConfigurationList;
			buildConfigurations = (
				457ECD6F1E9F2B510013679F /* Debug */,
				457ECD701E9F2B510013679F /* Release */,
			);
			defaultConfigurationIsVisible = 0;
			defaultConfigurationName = Release;
		};
		457ECD711E9F2B510013679F /* Build configuration list for PBXNativeTarget "Modus" */ = {
			isa = XCConfigurationList;
			buildConfigurations = (
				457ECD721E9F2B510013679F /* Debug */,
				457ECD731E9F2B510013679F /* Release */,
			);
			defaultConfigurationIsVisible = 0;
		};
		457ECD741E9F2B510013679F /* Build configuration list for PBXNativeTarget "ModusTests" */ = {
			isa = XCConfigurationList;
			buildConfigurations = (
				457ECD751E9F2B510013679F /* Debug */,
				457ECD761E9F2B510013679F /* Release */,
			);
			defaultConfigurationIsVisible = 0;
		};
		457ECD771E9F2B510013679F /* Build configuration list for PBXNativeTarget "ModusUITests" */ = {
			isa = XCConfigurationList;
			buildConfigurations = (
				457ECD781E9F2B510013679F /* Debug */,
				457ECD791E9F2B510013679F /* Release */,
			);
			defaultConfigurationIsVisible = 0;
		};
/* End XCConfigurationList section */

/* Begin XCVersionGroup section */
		457ECD501E9F2B510013679F /* Modus.xcdatamodeld */ = {
			isa = XCVersionGroup;
			children = (
				457ECD511E9F2B510013679F /* Modus.xcdatamodel */,
			);
			currentVersion = 457ECD511E9F2B510013679F /* Modus.xcdatamodel */;
			path = Modus.xcdatamodeld;
			sourceTree = "<group>";
			versionGroupType = wrapper.xcdatamodel;
		};
/* End XCVersionGroup section */
	};
	rootObject = 457ECD3E1E9F2B510013679F /* Project object */;
}
